
Microsoft Visual Studio Solution File, Format Version 12.00
# Visual Studio Version 17
VisualStudioVersion = 17.9.34902.65
MinimumVisualStudioVersion = 10.0.40219.1
Project("{FAE04EC0-301F-11D3-BF4B-00C04F79EFBC}") = "CarolineAPI", "CarolineAPI.csproj", "{C8010D3B-7C22-427F-BF1B-FB476CF5C229}"
EndProject
Global
	GlobalSection(SolutionConfigurationPlatforms) = preSolution
		Debug|Any CPU = Debug|Any CPU
		Release|Any CPU = Release|Any CPU
	EndGlobalSection
	GlobalSection(ProjectConfigurationPlatforms) = postSolution
		{C8010D3B-7C22-427F-BF1B-FB476CF5C229}.Debug|Any CPU.ActiveCfg = Debug|Any CPU
		{C8010D3B-7C22-427F-BF1B-FB476CF5C229}.Debug|Any CPU.Build.0 = Debug|Any CPU
		{C8010D3B-7C22-427F-BF1B-FB476CF5C229}.Release|Any CPU.ActiveCfg = Release|Any CPU
		{C8010D3B-7C22-427F-BF1B-FB476CF5C229}.Release|Any CPU.Build.0 = Release|Any CPU
	EndGlobalSection
	GlobalSection(SolutionProperties) = preSolution
		HideSolutionNode = FALSE
	EndGlobalSection
	GlobalSection(ExtensibilityGlobals) = postSolution
		SolutionGuid = {BC79C501-3D42-440F-AFAB-A4A14236F146}
	EndGlobalSection
EndGlobal
